// !$*UTF8*$!
{
	archiveVersion = 1;
	classes = {
	};
	objectVersion = 55;
	objects = {

/* Begin PBXBuildFile section */
		7FC716822829F77F00F4E569 /* ReWeatherApp.swift in Sources */ = {isa = PBXBuildFile; fileRef = 7FC716812829F77F00F4E569 /* ReWeatherApp.swift */; };
		7FC716842829F77F00F4E569 /* ContentView.swift in Sources */ = {isa = PBXBuildFile; fileRef = 7FC716832829F77F00F4E569 /* ContentView.swift */; };
		7FC716862829F78300F4E569 /* Assets.xcassets in Resources */ = {isa = PBXBuildFile; fileRef = 7FC716852829F78300F4E569 /* Assets.xcassets */; };
		7FC716892829F78300F4E569 /* Preview Assets.xcassets in Resources */ = {isa = PBXBuildFile; fileRef = 7FC716882829F78300F4E569 /* Preview Assets.xcassets */; };
		7FC716932829F80B00F4E569 /* OpenWeather.swift in Sources */ = {isa = PBXBuildFile; fileRef = 7FC716922829F80B00F4E569 /* OpenWeather.swift */; };
		7FC716952829F83F00F4E569 /* WeatherData.swift in Sources */ = {isa = PBXBuildFile; fileRef = 7FC716942829F83F00F4E569 /* WeatherData.swift */; };
		7FC716972829F85C00F4E569 /* FiveDayData.swift in Sources */ = {isa = PBXBuildFile; fileRef = 7FC716962829F85C00F4E569 /* FiveDayData.swift */; };
		7FC716992829F88100F4E569 /* JSONConverter.swift in Sources */ = {isa = PBXBuildFile; fileRef = 7FC716982829F88100F4E569 /* JSONConverter.swift */; };
		7FC7169B2829F8FF00F4E569 /* MainView.swift in Sources */ = {isa = PBXBuildFile; fileRef = 7FC7169A2829F8FF00F4E569 /* MainView.swift */; };
		7FC7169D2829F92500F4E569 /* TodayWeatherView.swift in Sources */ = {isa = PBXBuildFile; fileRef = 7FC7169C2829F92500F4E569 /* TodayWeatherView.swift */; };
		7FC7169F2829F93D00F4E569 /* WeatherCell.swift in Sources */ = {isa = PBXBuildFile; fileRef = 7FC7169E2829F93D00F4E569 /* WeatherCell.swift */; };
		7FC716A12829F97000F4E569 /* MainViewModel.swift in Sources */ = {isa = PBXBuildFile; fileRef = 7FC716A02829F97000F4E569 /* MainViewModel.swift */; };
/* End PBXBuildFile section */

/* Begin PBXFileReference section */
		7FC7167E2829F77F00F4E569 /* ReWeather.app */ = {isa = PBXFileReference; explicitFileType = wrapper.application; includeInIndex = 0; path = ReWeather.app; sourceTree = BUILT_PRODUCTS_DIR; };
		7FC716812829F77F00F4E569 /* ReWeatherApp.swift */ = {isa = PBXFileReference; lastKnownFileType = sourcecode.swift; path = ReWeatherApp.swift; sourceTree = "<group>"; };
		7FC716832829F77F00F4E569 /* ContentView.swift */ = {isa = PBXFileReference; lastKnownFileType = sourcecode.swift; path = ContentView.swift; sourceTree = "<group>"; };
		7FC716852829F78300F4E569 /* Assets.xcassets */ = {isa = PBXFileReference; lastKnownFileType = folder.assetcatalog; path = Assets.xcassets; sourceTree = "<group>"; };
		7FC716882829F78300F4E569 /* Preview Assets.xcassets */ = {isa = PBXFileReference; lastKnownFileType = folder.assetcatalog; path = "Preview Assets.xcassets"; sourceTree = "<group>"; };
		7FC716922829F80B00F4E569 /* OpenWeather.swift */ = {isa = PBXFileReference; lastKnownFileType = sourcecode.swift; path = OpenWeather.swift; sourceTree = "<group>"; };
		7FC716942829F83F00F4E569 /* WeatherData.swift */ = {isa = PBXFileReference; lastKnownFileType = sourcecode.swift; path = WeatherData.swift; sourceTree = "<group>"; };
		7FC716962829F85C00F4E569 /* FiveDayData.swift */ = {isa = PBXFileReference; lastKnownFileType = sourcecode.swift; path = FiveDayData.swift; sourceTree = "<group>"; };
		7FC716982829F88100F4E569 /* JSONConverter.swift */ = {isa = PBXFileReference; lastKnownFileType = sourcecode.swift; path = JSONConverter.swift; sourceTree = "<group>"; };
		7FC7169A2829F8FF00F4E569 /* MainView.swift */ = {isa = PBXFileReference; lastKnownFileType = sourcecode.swift; path = MainView.swift; sourceTree = "<group>"; };
		7FC7169C2829F92500F4E569 /* TodayWeatherView.swift */ = {isa = PBXFileReference; lastKnownFileType = sourcecode.swift; path = TodayWeatherView.swift; sourceTree = "<group>"; };
		7FC7169E2829F93D00F4E569 /* WeatherCell.swift */ = {isa = PBXFileReference; lastKnownFileType = sourcecode.swift; path = WeatherCell.swift; sourceTree = "<group>"; };
		7FC716A02829F97000F4E569 /* MainViewModel.swift */ = {isa = PBXFileReference; lastKnownFileType = sourcecode.swift; path = MainViewModel.swift; sourceTree = "<group>"; };
/* End PBXFileReference section */

/* Begin PBXFrameworksBuildPhase section */
		7FC7167B2829F77F00F4E569 /* Frameworks */ = {
			isa = PBXFrameworksBuildPhase;
			buildActionMask = 2147483647;
			files = (
			);
			runOnlyForDeploymentPostprocessing = 0;
		};
/* End PBXFrameworksBuildPhase section */

/* Begin PBXGroup section */
		7FC716752829F77F00F4E569 = {
			isa = PBXGroup;
			children = (
				7FC716802829F77F00F4E569 /* ReWeather */,
				7FC7167F2829F77F00F4E569 /* Products */,
			);
			sourceTree = "<group>";
		};
		7FC7167F2829F77F00F4E569 /* Products */ = {
			isa = PBXGroup;
			children = (
				7FC7167E2829F77F00F4E569 /* ReWeather.app */,
			);
			name = Products;
			sourceTree = "<group>";
		};
		7FC716802829F77F00F4E569 /* ReWeather */ = {
			isa = PBXGroup;
			children = (
				7FC716912829F7C000F4E569 /* Model */,
				7FC716902829F7BA00F4E569 /* View */,
				7FC7168F2829F79F00F4E569 /* ViewModel */,
				7FC716812829F77F00F4E569 /* ReWeatherApp.swift */,
				7FC716852829F78300F4E569 /* Assets.xcassets */,
				7FC716872829F78300F4E569 /* Preview Content */,
			);
			path = ReWeather;
			sourceTree = "<group>";
		};
		7FC716872829F78300F4E569 /* Preview Content */ = {
			isa = PBXGroup;
			children = (
				7FC716882829F78300F4E569 /* Preview Assets.xcassets */,
			);
			path = "Preview Content";
			sourceTree = "<group>";
		};
		7FC7168F2829F79F00F4E569 /* ViewModel */ = {
			isa = PBXGroup;
			children = (
				7FC716A02829F97000F4E569 /* MainViewModel.swift */,
			);
			path = ViewModel;
			sourceTree = "<group>";
		};
		7FC716902829F7BA00F4E569 /* View */ = {
			isa = PBXGroup;
			children = (
				7FC7169A2829F8FF00F4E569 /* MainView.swift */,
				7FC7169C2829F92500F4E569 /* TodayWeatherView.swift */,
				7FC7169E2829F93D00F4E569 /* WeatherCell.swift */,
				7FC716832829F77F00F4E569 /* ContentView.swift */,
			);
			path = View;
			sourceTree = "<group>";
		};
		7FC716912829F7C000F4E569 /* Model */ = {
			isa = PBXGroup;
			children = (
				7FC716922829F80B00F4E569 /* OpenWeather.swift */,
				7FC716942829F83F00F4E569 /* WeatherData.swift */,
				7FC716962829F85C00F4E569 /* FiveDayData.swift */,
				7FC716982829F88100F4E569 /* JSONConverter.swift */,
			);
			path = Model;
			sourceTree = "<group>";
		};
/* End PBXGroup section */

/* Begin PBXNativeTarget section */
		7FC7167D2829F77F00F4E569 /* ReWeather */ = {
			isa = PBXNativeTarget;
			buildConfigurationList = 7FC7168C2829F78300F4E569 /* Build configuration list for PBXNativeTarget "ReWeather" */;
			buildPhases = (
				7FC7167A2829F77F00F4E569 /* Sources */,
				7FC7167B2829F77F00F4E569 /* Frameworks */,
				7FC7167C2829F77F00F4E569 /* Resources */,
			);
			buildRules = (
			);
			dependencies = (
			);
			name = ReWeather;
			productName = ReWeather;
			productReference = 7FC7167E2829F77F00F4E569 /* ReWeather.app */;
			productType = "com.apple.product-type.application";
		};
/* End PBXNativeTarget section */

/* Begin PBXProject section */
		7FC716762829F77F00F4E569 /* Project object */ = {
			isa = PBXProject;
			attributes = {
				BuildIndependentTargetsInParallel = 1;
				LastSwiftUpdateCheck = 1330;
				LastUpgradeCheck = 1330;
				TargetAttributes = {
					7FC7167D2829F77F00F4E569 = {
						CreatedOnToolsVersion = 13.3.1;
					};
				};
			};
			buildConfigurationList = 7FC716792829F77F00F4E569 /* Build configuration list for PBXProject "ReWeather" */;
			compatibilityVersion = "Xcode 13.0";
			developmentRegion = en;
			hasScannedForEncodings = 0;
			knownRegions = (
				en,
				Base,
			);
			mainGroup = 7FC716752829F77F00F4E569;
			productRefGroup = 7FC7167F2829F77F00F4E569 /* Products */;
			projectDirPath = "";
			projectRoot = "";
			targets = (
				7FC7167D2829F77F00F4E569 /* ReWeather */,
			);
		};
/* End PBXProject section */

/* Begin PBXResourcesBuildPhase section */
		7FC7167C2829F77F00F4E569 /* Resources */ = {
			isa = PBXResourcesBuildPhase;
			buildActionMask = 2147483647;
			files = (
				7FC716892829F78300F4E569 /* Preview Assets.xcassets in Resources */,
				7FC716862829F78300F4E569 /* Assets.xcassets in Resources */,
			);
			runOnlyForDeploymentPostprocessing = 0;
		};
/* End PBXResourcesBuildPhase section */

/* Begin PBXSourcesBuildPhase section */
		7FC7167A2829F77F00F4E569 /* Sources */ = {
			isa = PBXSourcesBuildPhase;
			buildActionMask = 2147483647;
			files = (
				7FC716972829F85C00F4E569 /* FiveDayData.swift in Sources */,
				7FC7169B2829F8FF00F4E569 /* MainView.swift in Sources */,
				7FC7169F2829F93D00F4E569 /* WeatherCell.swift in Sources */,
				7FC716932829F80B00F4E569 /* OpenWeather.swift in Sources */,
				7FC716992829F88100F4E569 /* JSONConverter.swift in Sources */,
				7FC716A12829F97000F4E569 /* MainViewModel.swift in Sources */,
				7FC716842829F77F00F4E569 /* ContentView.swift in Sources */,
				7FC7169D2829F92500F4E569 /* TodayWeatherView.swift in Sources */,
				7FC716952829F83F00F4E569 /* WeatherData.swift in Sources */,
				7FC716822829F77F00F4E569 /* ReWeatherApp.swift in Sources */,
			);
			runOnlyForDeploymentPostprocessing = 0;
		};
/* End PBXSourcesBuildPhase section */

/* Begin XCBuildConfiguration section */
		7FC7168A2829F78300F4E569 /* Debug */ = {
			isa = XCBuildConfiguration;
			buildSettings = {
				ALWAYS_SEARCH_USER_PATHS = NO;
				CLANG_ANALYZER_NONNULL = YES;
				CLANG_ANALYZER_NUMBER_OBJECT_CONVERSION = YES_AGGRESSIVE;
				CLANG_CXX_LANGUAGE_STANDARD = "gnu++17";
				CLANG_ENABLE_MODULES = YES;
				CLANG_ENABLE_OBJC_ARC = YES;
				CLANG_ENABLE_OBJC_WEAK = YES;
				CLANG_WARN_BLOCK_CAPTURE_AUTORELEASING = YES;
				CLANG_WARN_BOOL_CONVERSION = YES;
				CLANG_WARN_COMMA = YES;
				CLANG_WARN_CONSTANT_CONVERSION = YES;
				CLANG_WARN_DEPRECATED_OBJC_IMPLEMENTATIONS = YES;
				CLANG_WARN_DIRECT_OBJC_ISA_USAGE = YES_ERROR;
				CLANG_WARN_DOCUMENTATION_COMMENTS = YES;
				CLANG_WARN_EMPTY_BODY = YES;
				CLANG_WARN_ENUM_CONVERSION = YES;
				CLANG_WARN_INFINITE_RECURSION = YES;
				CLANG_WARN_INT_CONVERSION = YES;
				CLANG_WARN_NON_LITERAL_NULL_CONVERSION = YES;
				CLANG_WARN_OBJC_IMPLICIT_RETAIN_SELF = YES;
				CLANG_WARN_OBJC_LITERAL_CONVERSION = YES;
				CLANG_WARN_OBJC_ROOT_CLASS = YES_ERROR;
				CLANG_WARN_QUOTED_INCLUDE_IN_FRAMEWORK_HEADER = YES;
				CLANG_WARN_RANGE_LOOP_ANALYSIS = YES;
				CLANG_WARN_STRICT_PROTOTYPES = YES;
				CLANG_WARN_SUSPICIOUS_MOVE = YES;
				CLANG_WARN_UNGUARDED_AVAILABILITY = YES_AGGRESSIVE;
				CLANG_WARN_UNREACHABLE_CODE = YES;
				CLANG_WARN__DUPLICATE_METHOD_MATCH = YES;
				COPY_PHASE_STRIP = NO;
				DEBUG_INFORMATION_FORMAT = dwarf;
				ENABLE_STRICT_OBJC_MSGSEND = YES;
				ENABLE_TESTABILITY = YES;
				GCC_C_LANGUAGE_STANDARD = gnu11;
				GCC_DYNAMIC_NO_PIC = NO;
				GCC_NO_COMMON_BLOCKS = YES;
				GCC_OPTIMIZATION_LEVEL = 0;
				GCC_PREPROCESSOR_DEFINITIONS = (
					"DEBUG=1",
					"$(inherited)",
				);
				GCC_WARN_64_TO_32_BIT_CONVERSION = YES;
				GCC_WARN_ABOUT_RETURN_TYPE = YES_ERROR;
				GCC_WARN_UNDECLARED_SELECTOR = YES;
				GCC_WARN_UNINITIALIZED_AUTOS = YES_AGGRESSIVE;
				GCC_WARN_UNUSED_FUNCTION = YES;
				GCC_WARN_UNUSED_VARIABLE = YES;
				IPHONEOS_DEPLOYMENT_TARGET = 15.4;
				MTL_ENABLE_DEBUG_INFO = INCLUDE_SOURCE;
				MTL_FAST_MATH = YES;
				ONLY_ACTIVE_ARCH = YES;
				SDKROOT = iphoneos;
				SWIFT_ACTIVE_COMPILATION_CONDITIONS = DEBUG;
				SWIFT_OPTIMIZATION_LEVEL = "-Onone";
			};
			name = Debug;
		};
		7FC7168B2829F78300F4E569 /* Release */ = {
			isa = XCBuildConfiguration;
			buildSettings = {
				ALWAYS_SEARCH_USER_PATHS = NO;
				CLANG_ANALYZER_NONNULL = YES;
				CLANG_ANALYZER_NUMBER_OBJECT_CONVERSION = YES_AGGRESSIVE;
				CLANG_CXX_LANGUAGE_STANDARD = "gnu++17";
				CLANG_ENABLE_MODULES = YES;
				CLANG_ENABLE_OBJC_ARC = YES;
				CLANG_ENABLE_OBJC_WEAK = YES;
				CLANG_WARN_BLOCK_CAPTURE_AUTORELEASING = YES;
				CLANG_WARN_BOOL_CONVERSION = YES;
				CLANG_WARN_COMMA = YES;
				CLANG_WARN_CONSTANT_CONVERSION = YES;
				CLANG_WARN_DEPRECATED_OBJC_IMPLEMENTATIONS = YES;
				CLANG_WARN_DIRECT_OBJC_ISA_USAGE = YES_ERROR;
				CLANG_WARN_DOCUMENTATION_COMMENTS = YES;
				CLANG_WARN_EMPTY_BODY = YES;
				CLANG_WARN_ENUM_CONVERSION = YES;
				CLANG_WARN_INFINITE_RECURSION = YES;
				CLANG_WARN_INT_CONVERSION = YES;
				CLANG_WARN_NON_LITERAL_NULL_CONVERSION = YES;
				CLANG_WARN_OBJC_IMPLICIT_RETAIN_SELF = YES;
				CLANG_WARN_OBJC_LITERAL_CONVERSION = YES;
				CLANG_WARN_OBJC_ROOT_CLASS = YES_ERROR;
				CLANG_WARN_QUOTED_INCLUDE_IN_FRAMEWORK_HEADER = YES;
				CLANG_WARN_RANGE_LOOP_ANALYSIS = YES;
				CLANG_WARN_STRICT_PROTOTYPES = YES;
				CLANG_WARN_SUSPICIOUS_MOVE = YES;
				CLANG_WARN_UNGUARDED_AVAILABILITY = YES_AGGRESSIVE;
				CLANG_WARN_UNREACHABLE_CODE = YES;
				CLANG_WARN__DUPLICATE_METHOD_MATCH = YES;
				COPY_PHASE_STRIP = NO;
				DEBUG_INFORMATION_FORMAT = "dwarf-with-dsym";
				ENABLE_NS_ASSERTIONS = NO;
				ENABLE_STRICT_OBJC_MSGSEND = YES;
				GCC_C_LANGUAGE_STANDARD = gnu11;
				GCC_NO_COMMON_BLOCKS = YES;
				GCC_WARN_64_TO_32_BIT_CONVERSION = YES;
				GCC_WARN_ABOUT_RETURN_TYPE = YES_ERROR;
				GCC_WARN_UNDECLARED_SELECTOR = YES;
				GCC_WARN_UNINITIALIZED_AUTOS = YES_AGGRESSIVE;
				GCC_WARN_UNUSED_FUNCTION = YES;
				GCC_WARN_UNUSED_VARIABLE = YES;
				IPHONEOS_DEPLOYMENT_TARGET = 15.4;
				MTL_ENABLE_DEBUG_INFO = NO;
				MTL_FAST_MATH = YES;
				SDKROOT = iphoneos;
				SWIFT_COMPILATION_MODE = wholemodule;
				SWIFT_OPTIMIZATION_LEVEL = "-O";
				VALIDATE_PRODUCT = YES;
			};
			name = Release;
		};
		7FC7168D2829F78300F4E569 /* Debug */ = {
			isa = XCBuildConfiguration;
			buildSettings = {
				ASSETCATALOG_COMPILER_APPICON_NAME = AppIcon;
				ASSETCATALOG_COMPILER_GLOBAL_ACCENT_COLOR_NAME = AccentColor;
				CODE_SIGN_STYLE = Automatic;
				CURRENT_PROJECT_VERSION = 1;
				DEVELOPMENT_ASSET_PATHS = "\"ReWeather/Preview Content\"";
				DEVELOPMENT_TEAM = 8476SM59V8;
				ENABLE_PREVIEWS = YES;
				GENERATE_INFOPLIST_FILE = YES;
				INFOPLIST_KEY_UIApplicationSceneManifest_Generation = YES;
				INFOPLIST_KEY_UIApplicationSupportsIndirectInputEvents = YES;
				INFOPLIST_KEY_UILaunchScreen_Generation = YES;
				INFOPLIST_KEY_UISupportedInterfaceOrientations_iPad = "UIInterfaceOrientationPortrait UIInterfaceOrientationPortraitUpsideDown UIInterfaceOrientationLandscapeLeft UIInterfaceOrientationLandscapeRight";
				INFOPLIST_KEY_UISupportedInterfaceOrientations_iPhone = "UIInterfaceOrientationPortrait UIInterfaceOrientationLandscapeLeft UIInterfaceOrientationLandscapeRight";
				LD_RUNPATH_SEARCH_PATHS = (
					"$(inherited)",
					"@executable_path/Frameworks",
				);
				MARKETING_VERSION = 1.0;
				PRODUCT_BUNDLE_IDENTIFIER = jp.ac.jec.cm.ReWeather;
				PRODUCT_NAME = "$(TARGET_NAME)";
				SWIFT_EMIT_LOC_STRINGS = YES;
				SWIFT_VERSION = 5.0;
				TARGETED_DEVICE_FAMILY = "1,2";
			};
			name = Debug;
		};
		7FC7168E2829F78300F4E569 /* Release */ = {
			isa = XCBuildConfiguration;
			buildSettings = {
				ASSETCATALOG_COMPILER_APPICON_NAME = AppIcon;
				ASSETCATALOG_COMPILER_GLOBAL_ACCENT_COLOR_NAME = AccentColor;
				CODE_SIGN_STYLE = Automatic;
				CURRENT_PROJECT_VERSION = 1;
				DEVELOPMENT_ASSET_PATHS = "\"ReWeather/Preview Content\"";
				DEVELOPMENT_TEAM = 8476SM59V8;
				ENABLE_PREVIEWS = YES;
				GENERATE_INFOPLIST_FILE = YES;
				INFOPLIST_KEY_UIApplicationSceneManifest_Generation = YES;
				INFOPLIST_KEY_UIApplicationSupportsIndirectInputEvents = YES;
				INFOPLIST_KEY_UILaunchScreen_Generation = YES;
				INFOPLIST_KEY_UISupportedInterfaceOrientations_iPad = "UIInterfaceOrientationPortrait UIInterfaceOrientationPortraitUpsideDown UIInterfaceOrientationLandscapeLeft UIInterfaceOrientationLandscapeRight";
				INFOPLIST_KEY_UISupportedInterfaceOrientations_iPhone = "UIInterfaceOrientationPortrait UIInterfaceOrientationLandscapeLeft UIInterfaceOrientationLandscapeRight";
				LD_RUNPATH_SEARCH_PATHS = (
					"$(inherited)",
					"@executable_path/Frameworks",
				);
				MARKETING_VERSION = 1.0;
				PRODUCT_BUNDLE_IDENTIFIER = jp.ac.jec.cm.ReWeather;
				PRODUCT_NAME = "$(TARGET_NAME)";
				SWIFT_EMIT_LOC_STRINGS = YES;
				SWIFT_VERSION = 5.0;
				TARGETED_DEVICE_FAMILY = "1,2";
			};
			name = Release;
		};
/* End XCBuildConfiguration section */

/* Begin XCConfigurationList section */
		7FC716792829F77F00F4E569 /* Build configuration list for PBXProject "ReWeather" */ = {
			isa = XCConfigurationList;
			buildConfigurations = (
				7FC7168A2829F78300F4E569 /* Debug */,
				7FC7168B2829F78300F4E569 /* Release */,
			);
			defaultConfigurationIsVisible = 0;
			defaultConfigurationName = Release;
		};
		7FC7168C2829F78300F4E569 /* Build configuration list for PBXNativeTarget "ReWeather" */ = {
			isa = XCConfigurationList;
			buildConfigurations = (
				7FC7168D2829F78300F4E569 /* Debug */,
				7FC7168E2829F78300F4E569 /* Release */,
			);
			defaultConfigurationIsVisible = 0;
			defaultConfigurationName = Release;
		};
/* End XCConfigurationList section */
	};
	rootObject = 7FC716762829F77F00F4E569 /* Project object */;
}
